
Microsoft Visual Studio Solution File, Format Version 12.00
# Visual Studio 15
VisualStudioVersion = 15.0.26730.3
MinimumVisualStudioVersion = 10.0.40219.1
Project("{FAE04EC0-301F-11D3-BF4B-00C04F79EFBC}") = "TriCoreShop", "TriCoreShop\TriCoreShop.csproj", "{7383A432-632A-403D-A543-B2D053D54CDF}"
EndProject
Global
	GlobalSection(SolutionConfigurationPlatforms) = preSolution
		Debug|Any CPU = Debug|Any CPU
		Release|Any CPU = Release|Any CPU
	EndGlobalSection
	GlobalSection(ProjectConfigurationPlatforms) = postSolution
		{7383A432-632A-403D-A543-B2D053D54CDF}.Debug|Any CPU.ActiveCfg = Debug|Any CPU
		{7383A432-632A-403D-A543-B2D053D54CDF}.Debug|Any CPU.Build.0 = Debug|Any CPU
		{7383A432-632A-403D-A543-B2D053D54CDF}.Release|Any CPU.ActiveCfg = Release|Any CPU
		{7383A432-632A-403D-A543-B2D053D54CDF}.Release|Any CPU.Build.0 = Release|Any CPU
	EndGlobalSection
	GlobalSection(SolutionProperties) = preSolution
		HideSolutionNode = FALSE
	EndGlobalSection
	GlobalSection(ExtensibilityGlobals) = postSolution
		SolutionGuid = {7569E736-0CDB-499D-9372-399F31C46099}
	EndGlobalSection
EndGlobal
